
Microsoft Visual Studio Solution File, Format Version 12.00
# Visual Studio Version 17
VisualStudioVersion = 17.0.31903.59
MinimumVisualStudioVersion = 10.0.40219.1
Project("{FAE04EC0-301F-11D3-BF4B-00C04F79EFBC}") = "Maybe", "Maybe\Maybe.csproj", "{AD94EC06-1573-4F6B-95A1-41FA0B8E67E6}"
EndProject
Project("{2150E333-8FDC-42A3-9474-1A3956D46DE8}") = "Tests", "Tests", "{0AB3BF05-4346-4AA6-1389-037BE0695223}"
EndProject
Project("{2150E333-8FDC-42A3-9474-1A3956D46DE8}") = "Libs", "Libs", "{6C4D298B-81FB-2B6B-5AB6-46205EDDC72C}"
EndProject
Project("{FAE04EC0-301F-11D3-BF4B-00C04F79EFBC}") = "Maybe.UnitTest", "Maybe.UnitTest\Maybe.UnitTest.csproj", "{4A86A53C-FBB2-4604-A240-952C040FE942}"
EndProject
Project("{FAE04EC0-301F-11D3-BF4B-00C04F79EFBC}") = "Maybe.Compat.ErrorOr", "Maybe.Compat.ErrorOr\Maybe.Compat.ErrorOr.csproj", "{9B591D9C-AD23-840A-F5DD-32314CC056D1}"
EndProject
Project("{FAE04EC0-301F-11D3-BF4B-00C04F79EFBC}") = "Maybe.Toolkit", "Maybe.Toolkit\Maybe.Toolkit.csproj", "{158E4547-3505-E6B0-AA64-0BB58E68B73E}"
EndProject
Project("{FAE04EC0-301F-11D3-BF4B-00C04F79EFBC}") = "Maybe.Toolkit.Demo", "Maybe.Toolkit.Demo\Maybe.Toolkit.Demo.csproj", "{0FB69C35-753F-2D03-E69B-CB750A77D75E}"
EndProject
Project("{2150E333-8FDC-42A3-9474-1A3956D46DE8}") = "Demos", "Demos", "{FA8A28C8-4B59-8028-2ACF-626D05B08DB7}"
EndProject
Project("{FAE04EC0-301F-11D3-BF4B-00C04F79EFBC}") = "Maybe.Demo", "Maybe.Funcional.Test\Maybe.Demo.csproj", "{C8B3EE94-CF27-2DD1-3AA9-5592016CED36}"
EndProject
Global
	GlobalSection(SolutionConfigurationPlatforms) = preSolution
		Debug|Any CPU = Debug|Any CPU
		Debug|x64 = Debug|x64
		Debug|x86 = Debug|x86
		Release|Any CPU = Release|Any CPU
		Release|x64 = Release|x64
		Release|x86 = Release|x86
	EndGlobalSection
	GlobalSection(ProjectConfigurationPlatforms) = postSolution
		{AD94EC06-1573-4F6B-95A1-41FA0B8E67E6}.Debug|Any CPU.ActiveCfg = Debug|Any CPU
		{AD94EC06-1573-4F6B-95A1-41FA0B8E67E6}.Debug|Any CPU.Build.0 = Debug|Any CPU
		{AD94EC06-1573-4F6B-95A1-41FA0B8E67E6}.Debug|x64.ActiveCfg = Debug|Any CPU
		{AD94EC06-1573-4F6B-95A1-41FA0B8E67E6}.Debug|x64.Build.0 = Debug|Any CPU
		{AD94EC06-1573-4F6B-95A1-41FA0B8E67E6}.Debug|x86.ActiveCfg = Debug|Any CPU
		{AD94EC06-1573-4F6B-95A1-41FA0B8E67E6}.Debug|x86.Build.0 = Debug|Any CPU
		{AD94EC06-1573-4F6B-95A1-41FA0B8E67E6}.Release|Any CPU.ActiveCfg = Release|Any CPU
		{AD94EC06-1573-4F6B-95A1-41FA0B8E67E6}.Release|Any CPU.Build.0 = Release|Any CPU
		{AD94EC06-1573-4F6B-95A1-41FA0B8E67E6}.Release|x64.ActiveCfg = Release|Any CPU
		{AD94EC06-1573-4F6B-95A1-41FA0B8E67E6}.Release|x64.Build.0 = Release|Any CPU
		{AD94EC06-1573-4F6B-95A1-41FA0B8E67E6}.Release|x86.ActiveCfg = Release|Any CPU
		{AD94EC06-1573-4F6B-95A1-41FA0B8E67E6}.Release|x86.Build.0 = Release|Any CPU
		{4A86A53C-FBB2-4604-A240-952C040FE942}.Debug|Any CPU.ActiveCfg = Debug|Any CPU
		{4A86A53C-FBB2-4604-A240-952C040FE942}.Debug|Any CPU.Build.0 = Debug|Any CPU
		{4A86A53C-FBB2-4604-A240-952C040FE942}.Debug|x64.ActiveCfg = Debug|Any CPU
		{4A86A53C-FBB2-4604-A240-952C040FE942}.Debug|x64.Build.0 = Debug|Any CPU
		{4A86A53C-FBB2-4604-A240-952C040FE942}.Debug|x86.ActiveCfg = Debug|Any CPU
		{4A86A53C-FBB2-4604-A240-952C040FE942}.Debug|x86.Build.0 = Debug|Any CPU
		{4A86A53C-FBB2-4604-A240-952C040FE942}.Release|Any CPU.ActiveCfg = Release|Any CPU
		{4A86A53C-FBB2-4604-A240-952C040FE942}.Release|Any CPU.Build.0 = Release|Any CPU
		{4A86A53C-FBB2-4604-A240-952C040FE942}.Release|x64.ActiveCfg = Release|Any CPU
		{4A86A53C-FBB2-4604-A240-952C040FE942}.Release|x64.Build.0 = Release|Any CPU
		{4A86A53C-FBB2-4604-A240-952C040FE942}.Release|x86.ActiveCfg = Release|Any CPU
		{4A86A53C-FBB2-4604-A240-952C040FE942}.Release|x86.Build.0 = Release|Any CPU
		{9B591D9C-AD23-840A-F5DD-32314CC056D1}.Debug|Any CPU.ActiveCfg = Debug|Any CPU
		{9B591D9C-AD23-840A-F5DD-32314CC056D1}.Debug|Any CPU.Build.0 = Debug|Any CPU
		{9B591D9C-AD23-840A-F5DD-32314CC056D1}.Debug|x64.ActiveCfg = Debug|Any CPU
		{9B591D9C-AD23-840A-F5DD-32314CC056D1}.Debug|x64.Build.0 = Debug|Any CPU
		{9B591D9C-AD23-840A-F5DD-32314CC056D1}.Debug|x86.ActiveCfg = Debug|Any CPU
		{9B591D9C-AD23-840A-F5DD-32314CC056D1}.Debug|x86.Build.0 = Debug|Any CPU
		{9B591D9C-AD23-840A-F5DD-32314CC056D1}.Release|Any CPU.ActiveCfg = Release|Any CPU
		{9B591D9C-AD23-840A-F5DD-32314CC056D1}.Release|Any CPU.Build.0 = Release|Any CPU
		{9B591D9C-AD23-840A-F5DD-32314CC056D1}.Release|x64.ActiveCfg = Release|Any CPU
		{9B591D9C-AD23-840A-F5DD-32314CC056D1}.Release|x64.Build.0 = Release|Any CPU
		{9B591D9C-AD23-840A-F5DD-32314CC056D1}.Release|x86.ActiveCfg = Release|Any CPU
		{9B591D9C-AD23-840A-F5DD-32314CC056D1}.Release|x86.Build.0 = Release|Any CPU
		{158E4547-3505-E6B0-AA64-0BB58E68B73E}.Debug|Any CPU.ActiveCfg = Debug|Any CPU
		{158E4547-3505-E6B0-AA64-0BB58E68B73E}.Debug|Any CPU.Build.0 = Debug|Any CPU
		{158E4547-3505-E6B0-AA64-0BB58E68B73E}.Debug|x64.ActiveCfg = Debug|Any CPU
		{158E4547-3505-E6B0-AA64-0BB58E68B73E}.Debug|x64.Build.0 = Debug|Any CPU
		{158E4547-3505-E6B0-AA64-0BB58E68B73E}.Debug|x86.ActiveCfg = Debug|Any CPU
		{158E4547-3505-E6B0-AA64-0BB58E68B73E}.Debug|x86.Build.0 = Debug|Any CPU
		{158E4547-3505-E6B0-AA64-0BB58E68B73E}.Release|Any CPU.ActiveCfg = Release|Any CPU
		{158E4547-3505-E6B0-AA64-0BB58E68B73E}.Release|Any CPU.Build.0 = Release|Any CPU
		{158E4547-3505-E6B0-AA64-0BB58E68B73E}.Release|x64.ActiveCfg = Release|Any CPU
		{158E4547-3505-E6B0-AA64-0BB58E68B73E}.Release|x64.Build.0 = Release|Any CPU
		{158E4547-3505-E6B0-AA64-0BB58E68B73E}.Release|x86.ActiveCfg = Release|Any CPU
		{158E4547-3505-E6B0-AA64-0BB58E68B73E}.Release|x86.Build.0 = Release|Any CPU
		{0FB69C35-753F-2D03-E69B-CB750A77D75E}.Debug|Any CPU.ActiveCfg = Debug|Any CPU
		{0FB69C35-753F-2D03-E69B-CB750A77D75E}.Debug|Any CPU.Build.0 = Debug|Any CPU
		{0FB69C35-753F-2D03-E69B-CB750A77D75E}.Debug|x64.ActiveCfg = Debug|Any CPU
		{0FB69C35-753F-2D03-E69B-CB750A77D75E}.Debug|x64.Build.0 = Debug|Any CPU
		{0FB69C35-753F-2D03-E69B-CB750A77D75E}.Debug|x86.ActiveCfg = Debug|Any CPU
		{0FB69C35-753F-2D03-E69B-CB750A77D75E}.Debug|x86.Build.0 = Debug|Any CPU
		{0FB69C35-753F-2D03-E69B-CB750A77D75E}.Release|Any CPU.ActiveCfg = Release|Any CPU
		{0FB69C35-753F-2D03-E69B-CB750A77D75E}.Release|Any CPU.Build.0 = Release|Any CPU
		{0FB69C35-753F-2D03-E69B-CB750A77D75E}.Release|x64.ActiveCfg = Release|Any CPU
		{0FB69C35-753F-2D03-E69B-CB750A77D75E}.Release|x64.Build.0 = Release|Any CPU
		{0FB69C35-753F-2D03-E69B-CB750A77D75E}.Release|x86.ActiveCfg = Release|Any CPU
		{0FB69C35-753F-2D03-E69B-CB750A77D75E}.Release|x86.Build.0 = Release|Any CPU
		{C8B3EE94-CF27-2DD1-3AA9-5592016CED36}.Debug|Any CPU.ActiveCfg = Debug|Any CPU
		{C8B3EE94-CF27-2DD1-3AA9-5592016CED36}.Debug|Any CPU.Build.0 = Debug|Any CPU
		{C8B3EE94-CF27-2DD1-3AA9-5592016CED36}.Debug|x64.ActiveCfg = Debug|Any CPU
		{C8B3EE94-CF27-2DD1-3AA9-5592016CED36}.Debug|x64.Build.0 = Debug|Any CPU
		{C8B3EE94-CF27-2DD1-3AA9-5592016CED36}.Debug|x86.ActiveCfg = Debug|Any CPU
		{C8B3EE94-CF27-2DD1-3AA9-5592016CED36}.Debug|x86.Build.0 = Debug|Any CPU
		{C8B3EE94-CF27-2DD1-3AA9-5592016CED36}.Release|Any CPU.ActiveCfg = Release|Any CPU
		{C8B3EE94-CF27-2DD1-3AA9-5592016CED36}.Release|Any CPU.Build.0 = Release|Any CPU
		{C8B3EE94-CF27-2DD1-3AA9-5592016CED36}.Release|x64.ActiveCfg = Release|Any CPU
		{C8B3EE94-CF27-2DD1-3AA9-5592016CED36}.Release|x64.Build.0 = Release|Any CPU
		{C8B3EE94-CF27-2DD1-3AA9-5592016CED36}.Release|x86.ActiveCfg = Release|Any CPU
		{C8B3EE94-CF27-2DD1-3AA9-5592016CED36}.Release|x86.Build.0 = Release|Any CPU
	EndGlobalSection
	GlobalSection(SolutionProperties) = preSolution
		HideSolutionNode = FALSE
	EndGlobalSection
	GlobalSection(NestedProjects) = preSolution
		{AD94EC06-1573-4F6B-95A1-41FA0B8E67E6} = {6C4D298B-81FB-2B6B-5AB6-46205EDDC72C}
		{4A86A53C-FBB2-4604-A240-952C040FE942} = {0AB3BF05-4346-4AA6-1389-037BE0695223}
		{9B591D9C-AD23-840A-F5DD-32314CC056D1} = {6C4D298B-81FB-2B6B-5AB6-46205EDDC72C}
		{158E4547-3505-E6B0-AA64-0BB58E68B73E} = {6C4D298B-81FB-2B6B-5AB6-46205EDDC72C}
		{0FB69C35-753F-2D03-E69B-CB750A77D75E} = {FA8A28C8-4B59-8028-2ACF-626D05B08DB7}
		{C8B3EE94-CF27-2DD1-3AA9-5592016CED36} = {FA8A28C8-4B59-8028-2ACF-626D05B08DB7}
	EndGlobalSection
	GlobalSection(ExtensibilityGlobals) = postSolution
		SolutionGuid = {3E982516-B08B-4CFF-95FE-5A9D02BB0C72}
	EndGlobalSection
EndGlobal
